
Microsoft Visual Studio Solution File, Format Version 12.00
# Visual Studio Version 17
VisualStudioVersion = 17.7.33913.275
MinimumVisualStudioVersion = 10.0.40219.1
Project("{FAE04EC0-301F-11D3-BF4B-00C04F79EFBC}") = "BlazingPizza", "BlazingPizza\BlazingPizza.csproj", "{0B35F8C0-28D1-402B-BFDA-1E2FB48B3BB0}"
EndProject
Project("{FAE04EC0-301F-11D3-BF4B-00C04F79EFBC}") = "BlazingPizza.Shared", "BlazingPizza.Shared\BlazingPizza.Shared.csproj", "{ECB8DF70-0996-4103-BFC3-0A493CA899C4}"
EndProject
Global
	GlobalSection(SolutionConfigurationPlatforms) = preSolution
		Debug|Any CPU = Debug|Any CPU
		Debug|x64 = Debug|x64
		Release|Any CPU = Release|Any CPU
		Release|x64 = Release|x64
	EndGlobalSection
	GlobalSection(ProjectConfigurationPlatforms) = postSolution
		{0B35F8C0-28D1-402B-BFDA-1E2FB48B3BB0}.Debug|Any CPU.ActiveCfg = Debug|Any CPU
		{0B35F8C0-28D1-402B-BFDA-1E2FB48B3BB0}.Debug|Any CPU.Build.0 = Debug|Any CPU
		{0B35F8C0-28D1-402B-BFDA-1E2FB48B3BB0}.Debug|x64.ActiveCfg = Debug|x64
		{0B35F8C0-28D1-402B-BFDA-1E2FB48B3BB0}.Debug|x64.Build.0 = Debug|x64
		{0B35F8C0-28D1-402B-BFDA-1E2FB48B3BB0}.Release|Any CPU.ActiveCfg = Release|Any CPU
		{0B35F8C0-28D1-402B-BFDA-1E2FB48B3BB0}.Release|Any CPU.Build.0 = Release|Any CPU
		{0B35F8C0-28D1-402B-BFDA-1E2FB48B3BB0}.Release|x64.ActiveCfg = Release|x64
		{0B35F8C0-28D1-402B-BFDA-1E2FB48B3BB0}.Release|x64.Build.0 = Release|x64
		{ECB8DF70-0996-4103-BFC3-0A493CA899C4}.Debug|Any CPU.ActiveCfg = Debug|Any CPU
		{ECB8DF70-0996-4103-BFC3-0A493CA899C4}.Debug|Any CPU.Build.0 = Debug|Any CPU
		{ECB8DF70-0996-4103-BFC3-0A493CA899C4}.Debug|x64.ActiveCfg = Debug|x64
		{ECB8DF70-0996-4103-BFC3-0A493CA899C4}.Debug|x64.Build.0 = Debug|x64
		{ECB8DF70-0996-4103-BFC3-0A493CA899C4}.Release|Any CPU.ActiveCfg = Release|Any CPU
		{ECB8DF70-0996-4103-BFC3-0A493CA899C4}.Release|Any CPU.Build.0 = Release|Any CPU
		{ECB8DF70-0996-4103-BFC3-0A493CA899C4}.Release|x64.ActiveCfg = Release|Any CPU
		{ECB8DF70-0996-4103-BFC3-0A493CA899C4}.Release|x64.Build.0 = Release|Any CPU
	EndGlobalSection
	GlobalSection(SolutionProperties) = preSolution
		HideSolutionNode = FALSE
	EndGlobalSection
	GlobalSection(ExtensibilityGlobals) = postSolution
		SolutionGuid = {569C0679-4BCD-48F9-9BFE-D61FF6FAFEA4}
	EndGlobalSection
EndGlobal
