
Microsoft Visual Studio Solution File, Format Version 12.00
# Visual Studio Version 17
VisualStudioVersion = 17.14.35906.104
MinimumVisualStudioVersion = 10.0.40219.1
Project("{FAE04EC0-301F-11D3-BF4B-00C04F79EFBC}") = "Shortly.Redirect", "Shortly.Redirect\Shortly.Redirect.csproj", "{330867D9-1DF2-438D-AAA1-038385208352}"
EndProject
Project("{FAE04EC0-301F-11D3-BF4B-00C04F79EFBC}") = "Shortly.Data", "Shortly.Data\Shortly.Data.csproj", "{49D47090-C8D9-4746-BAFB-009E0FB58371}"
EndProject
Project("{FAE04EC0-301F-11D3-BF4B-00C04F79EFBC}") = "Shortly.Client", "Shortly.Client\Shortly.Client.csproj", "{05C639BA-BC76-43F2-8C69-D3FAA2417E30}"
EndProject
Project("{2150E333-8FDC-42A3-9474-1A3956D46DE8}") = "Solution Items", "Solution Items", "{8EC462FD-D22E-90A8-E5CE-7E832BA40C5D}"
	ProjectSection(SolutionItems) = preProject
		README.md = README.md
	EndProjectSection
EndProject
Global
	GlobalSection(SolutionConfigurationPlatforms) = preSolution
		Debug|Any CPU = Debug|Any CPU
		Release|Any CPU = Release|Any CPU
	EndGlobalSection
	GlobalSection(ProjectConfigurationPlatforms) = postSolution
		{330867D9-1DF2-438D-AAA1-038385208352}.Debug|Any CPU.ActiveCfg = Debug|Any CPU
		{330867D9-1DF2-438D-AAA1-038385208352}.Debug|Any CPU.Build.0 = Debug|Any CPU
		{330867D9-1DF2-438D-AAA1-038385208352}.Release|Any CPU.ActiveCfg = Release|Any CPU
		{330867D9-1DF2-438D-AAA1-038385208352}.Release|Any CPU.Build.0 = Release|Any CPU
		{49D47090-C8D9-4746-BAFB-009E0FB58371}.Debug|Any CPU.ActiveCfg = Debug|Any CPU
		{49D47090-C8D9-4746-BAFB-009E0FB58371}.Debug|Any CPU.Build.0 = Debug|Any CPU
		{49D47090-C8D9-4746-BAFB-009E0FB58371}.Release|Any CPU.ActiveCfg = Release|Any CPU
		{49D47090-C8D9-4746-BAFB-009E0FB58371}.Release|Any CPU.Build.0 = Release|Any CPU
		{05C639BA-BC76-43F2-8C69-D3FAA2417E30}.Debug|Any CPU.ActiveCfg = Debug|Any CPU
		{05C639BA-BC76-43F2-8C69-D3FAA2417E30}.Debug|Any CPU.Build.0 = Debug|Any CPU
		{05C639BA-BC76-43F2-8C69-D3FAA2417E30}.Release|Any CPU.ActiveCfg = Release|Any CPU
		{05C639BA-BC76-43F2-8C69-D3FAA2417E30}.Release|Any CPU.Build.0 = Release|Any CPU
	EndGlobalSection
	GlobalSection(SolutionProperties) = preSolution
		HideSolutionNode = FALSE
	EndGlobalSection
	GlobalSection(ExtensibilityGlobals) = postSolution
		SolutionGuid = {32E0A090-D1E8-447C-BD4C-A209C6043C84}
	EndGlobalSection
EndGlobal
