
Microsoft Visual Studio Solution File, Format Version 12.00
# Visual Studio Version 17
VisualStudioVersion = 17.12.35424.110
MinimumVisualStudioVersion = 10.0.40219.1
Project("{FAE04EC0-301F-11D3-BF4B-00C04F79EFBC}") = "RenderModeNone", "RenderModeNone\RenderModeNone.csproj", "{7FAF2221-BF3F-4F3B-8699-0BF7F9966CDA}"
EndProject
Project("{2150E333-8FDC-42A3-9474-1A3956D46DE8}") = "Solution Items", "Solution Items", "{C67C3F16-A366-48AE-92D6-54D9187B597A}"
	ProjectSection(SolutionItems) = preProject
		README.md = README.md
	EndProjectSection
EndProject
Global
	GlobalSection(SolutionConfigurationPlatforms) = preSolution
		Debug|Any CPU = Debug|Any CPU
		Release|Any CPU = Release|Any CPU
	EndGlobalSection
	GlobalSection(ProjectConfigurationPlatforms) = postSolution
		{7FAF2221-BF3F-4F3B-8699-0BF7F9966CDA}.Debug|Any CPU.ActiveCfg = Debug|Any CPU
		{7FAF2221-BF3F-4F3B-8699-0BF7F9966CDA}.Debug|Any CPU.Build.0 = Debug|Any CPU
		{7FAF2221-BF3F-4F3B-8699-0BF7F9966CDA}.Release|Any CPU.ActiveCfg = Release|Any CPU
		{7FAF2221-BF3F-4F3B-8699-0BF7F9966CDA}.Release|Any CPU.Build.0 = Release|Any CPU
	EndGlobalSection
	GlobalSection(SolutionProperties) = preSolution
		HideSolutionNode = FALSE
	EndGlobalSection
EndGlobal
