
Microsoft Visual Studio Solution File, Format Version 12.00
# Visual Studio Version 17
VisualStudioVersion = 17.8.34004.107
MinimumVisualStudioVersion = 10.0.40219.1
Project("{FAE04EC0-301F-11D3-BF4B-00C04F79EFBC}") = "SQLiteWebApi", "SQLiteWebApi\SQLiteWebApi.csproj", "{9EC8FFB8-97F1-4FFB-AA78-6CE55E3BC38F}"
EndProject
Global
	GlobalSection(SolutionConfigurationPlatforms) = preSolution
		Debug|Any CPU = Debug|Any CPU
		Debug|x64 = Debug|x64
		Release|Any CPU = Release|Any CPU
		Release|x64 = Release|x64
	EndGlobalSection
	GlobalSection(ProjectConfigurationPlatforms) = postSolution
		{9EC8FFB8-97F1-4FFB-AA78-6CE55E3BC38F}.Debug|Any CPU.ActiveCfg = Debug|Any CPU
		{9EC8FFB8-97F1-4FFB-AA78-6CE55E3BC38F}.Debug|Any CPU.Build.0 = Debug|Any CPU
		{9EC8FFB8-97F1-4FFB-AA78-6CE55E3BC38F}.Debug|x64.ActiveCfg = Debug|x64
		{9EC8FFB8-97F1-4FFB-AA78-6CE55E3BC38F}.Debug|x64.Build.0 = Debug|x64
		{9EC8FFB8-97F1-4FFB-AA78-6CE55E3BC38F}.Release|Any CPU.ActiveCfg = Release|Any CPU
		{9EC8FFB8-97F1-4FFB-AA78-6CE55E3BC38F}.Release|Any CPU.Build.0 = Release|Any CPU
		{9EC8FFB8-97F1-4FFB-AA78-6CE55E3BC38F}.Release|x64.ActiveCfg = Release|x64
		{9EC8FFB8-97F1-4FFB-AA78-6CE55E3BC38F}.Release|x64.Build.0 = Release|x64
	EndGlobalSection
	GlobalSection(SolutionProperties) = preSolution
		HideSolutionNode = FALSE
	EndGlobalSection
	GlobalSection(ExtensibilityGlobals) = postSolution
		SolutionGuid = {ABEA811D-31B4-4013-9711-37B1098AB05C}
	EndGlobalSection
EndGlobal
