
Microsoft Visual Studio Solution File, Format Version 12.00
# Visual Studio Version 17
VisualStudioVersion = 17.8.34004.107
MinimumVisualStudioVersion = 10.0.40219.1
Project("{FAE04EC0-301F-11D3-BF4B-00C04F79EFBC}") = "AuthenticationAuthorizacion", "AuthenticationAuthorizacion\AuthenticationAuthorizacion.csproj", "{89DE9E13-ACA9-4586-A7F6-015FA72D0957}"
EndProject
Global
	GlobalSection(SolutionConfigurationPlatforms) = preSolution
		Debug|Any CPU = Debug|Any CPU
		Release|Any CPU = Release|Any CPU
	EndGlobalSection
	GlobalSection(ProjectConfigurationPlatforms) = postSolution
		{89DE9E13-ACA9-4586-A7F6-015FA72D0957}.Debug|Any CPU.ActiveCfg = Debug|Any CPU
		{89DE9E13-ACA9-4586-A7F6-015FA72D0957}.Debug|Any CPU.Build.0 = Debug|Any CPU
		{89DE9E13-ACA9-4586-A7F6-015FA72D0957}.Release|Any CPU.ActiveCfg = Release|Any CPU
		{89DE9E13-ACA9-4586-A7F6-015FA72D0957}.Release|Any CPU.Build.0 = Release|Any CPU
	EndGlobalSection
	GlobalSection(SolutionProperties) = preSolution
		HideSolutionNode = FALSE
	EndGlobalSection
	GlobalSection(ExtensibilityGlobals) = postSolution
		SolutionGuid = {22E6B805-F8E7-4CAC-937B-D48CA0AD33FD}
	EndGlobalSection
EndGlobal
